
Microsoft Visual Studio Solution File, Format Version 12.00
# Visual Studio Version 16
VisualStudioVersion = 16.0.31624.102
MinimumVisualStudioVersion = 10.0.40219.1
Project("{888888A0-9F3D-457C-B088-3A5042F75D52}") = "MSU-TE-BYE-2021", "MSU-TE-BYE-2021\MSU-TE-BYE-2021.pyproj", "{5027217B-B631-4848-946A-F5B437522748}"
EndProject
Global
	GlobalSection(SolutionConfigurationPlatforms) = preSolution
		Debug|Any CPU = Debug|Any CPU
		Release|Any CPU = Release|Any CPU
	EndGlobalSection
	GlobalSection(ProjectConfigurationPlatforms) = postSolution
		{5027217B-B631-4848-946A-F5B437522748}.Debug|Any CPU.ActiveCfg = Debug|Any CPU
		{5027217B-B631-4848-946A-F5B437522748}.Release|Any CPU.ActiveCfg = Release|Any CPU
	EndGlobalSection
	GlobalSection(SolutionProperties) = preSolution
		HideSolutionNode = FALSE
	EndGlobalSection
	GlobalSection(ExtensibilityGlobals) = postSolution
		SolutionGuid = {0783A34A-314E-4FF4-B15C-A60AF36CDC07}
	EndGlobalSection
EndGlobal
